lockfileVersion: '9.0'

settings:
  autoInstallPeers: false
  excludeLinksFromLockfile: false

importers:

  .:
    dependencies:
      lucide-react:
        specifier: ^1.18.0
        version: 1.18.0(react@19.2.7)
      react:
        specifier: ^19.2.7
        version: 19.2.7
      wouter:
        specifier: ^3.10.0
        version: 3.10.0(react@19.2.7)
    devDependencies:
      prettier:
        specifier: ^3.8.3
        version: 3.8.4
      typescript:
        specifier: ~5.9.3
        version: 5.9.3

packages:

  lucide-react@1.18.0:
    resolution: {integrity: sha512-LZDb7H/0YfM+RJncD0hDQRCAu+vSGODqpe35TuVI8EuXaRjkczbsx7p8dY4J87F/MUSj6bpYqeI8nw8qXaAdmA==}
    peerDependencies:
      react: ^16.5.1 || ^17.0.0 || ^18.0.0 || ^19.0.0

  mitt@3.0.1:
    resolution: {integrity: sha512-vKivATfr97l2/QBCYAkXYDbrIWPM2IIKEl7YPhjCvKlG3kE2gm+uBo6nEXK3M5/Ffh/FLpKExzOQ3JJoJGFKBw==}

  prettier@3.8.4:
    resolution: {integrity: sha512-N2MylSdi48+5N/6S5j+maeHbUSIzzZ5uOcX5Hm4QpV8Dkb1HFjfAKTKX6yNPJQD9AhcT3ifHNB66tWTTJDi11Q==}
    engines: {node: '>=14'}
    hasBin: true

  react@19.2.7:
    resolution: {integrity: sha512-HNe9WslTbXmFK8o8cmwgAeJFSBvt1bPdHCVKtaaV+WlAN36mpT4hcRpwbf3fY56ar2oIXzsBpOAiIRHAdY0OlQ==}
    engines: {node: '>=0.10.0'}

  regexparam@3.0.0:
    resolution: {integrity: sha512-RSYAtP31mvYLkAHrOlh25pCNQ5hWnT106VukGaaFfuJrZFkGRX5GhUAdPqpSDXxOhA2c4akmRuplv1mRqnBn6Q==}
    engines: {node: '>=8'}

  typescript@5.9.3:
    resolution: {integrity: sha512-jl1vZzPDinLr9eUt3J/t7V6FgNEw9QjvBPdysz9KfQDD41fQrC2Y4vKQdiaUpFT4bXlb1RHhLpp8wtm6M5TgSw==}
    engines: {node: '>=14.17'}
    hasBin: true

  use-sync-external-store@1.6.0:
    resolution: {integrity: sha512-Pp6GSwGP/NrPIrxVFAIkOQeyw8lFenOHijQWkUTrDvrF4ALqylP2C/KCkeS9dpUM3KvYRQhna5vt7IL95+ZQ9w==}
    peerDependencies:
      react: ^16.8.0 || ^17.0.0 || ^18.0.0 || ^19.0.0

  wouter@3.10.0:
    resolution: {integrity: sha512-zTfddD80zc2/J5l8JKcdvzOK6AwP0kpyHEI3DxRN2bn8U1oJPnrSVm8v+X3WwDamvLAOxTO7ZvkxkpRWlyeJ1Q==}
    peerDependencies:
      react: '>=16.8.0'

snapshots:

  lucide-react@1.18.0(react@19.2.7):
    dependencies:
      react: 19.2.7

  mitt@3.0.1: {}

  prettier@3.8.4: {}

  react@19.2.7: {}

  regexparam@3.0.0: {}

  typescript@5.9.3: {}

  use-sync-external-store@1.6.0(react@19.2.7):
    dependencies:
      react: 19.2.7

  wouter@3.10.0(react@19.2.7):
    dependencies:
      mitt: 3.0.1
      react: 19.2.7
      regexparam: 3.0.0
      use-sync-external-store: 1.6.0(react@19.2.7)
